{
    "hash": "fc5c520363c74d22e01298238d3148cf",
    "packages": [
        {
            "name": "illuminate/support",
            "version": "dev-master",
            "target-dir": "Illuminate/Support",
            "source": {
                "type": "git",
                "url": "https://github.com/illuminate/support.git",
                "reference": "dfa68cb87ae5ebf7ebc006ca2d0ff549a5b15f59"
            },
            "dist": {
                "type": "zip",
                "url": "https://api.github.com/repos/illuminate/support/zipball/dfa68cb87ae5ebf7ebc006ca2d0ff549a5b15f59",
                "reference": "dfa68cb87ae5ebf7ebc006ca2d0ff549a5b15f59",
                "shasum": ""
            },
            "require": {
                "php": ">=5.3.0"
            },
            "require-dev": {
                "patchwork/utf8": "1.0.*",
                "mockery/mockery": "0.7.2"
            },
            "time": "2013-03-09 04:26:45",
            "type": "library",
            "extra": {
                "branch-alias": {
                    "dev-master": "4.0-dev"
                }
            },
            "autoload": {
                "psr-0": {
                    "Illuminate\\Support": ""
                },
                "files": [
                    "Illuminate/Support/helpers.php"
                ]
            },
            "notification-url": "https://packagist.org/downloads/",
            "authors": [
                {
                    "name": "Taylor Otwell",
                    "email": "taylorotwell@gmail.com"
                }
            ],
            "description": "Various utilities and support functions."
        },
        {
            "name": "kevbaldwyn/php-error",
            "version": "dev-master",
            "source": {
                "type": "git",
                "url": "https://github.com/kevbaldwyn/PHP-Error.git",
                "reference": "163d91f936536b02c915cbbca4390c4eddb55123"
            },
            "dist": {
                "type": "zip",
                "url": "https://api.github.com/repos/kevbaldwyn/PHP-Error/zipball/163d91f936536b02c915cbbca4390c4eddb55123",
                "reference": "163d91f936536b02c915cbbca4390c4eddb55123",
                "shasum": ""
            },
            "require": {
                "php": ">=5.3.0"
            },
            "time": "2013-01-27 03:34:53",
            "type": "library",
            "autoload": {
                "classmap": [
                    "src/"
                ]
            },
            "authors": [
                {
                    "name": "Kevin Baldwyn",
                    "email": "kev@kevbaldwyn.co.uk"
                },
                {
                    "name": "Joseph Lenton"
                }
            ],
            "description": "Forked from JosephLenton/PHP-Error",
            "keywords": [
                "php-error",
                "debugging",
                "debug"
            ],
            "support": {
                "source": "https://github.com/kevbaldwyn/PHP-Error/tree/master"
            }
        }
    ],
    "packages-dev": null,
    "aliases": [

    ],
    "minimum-stability": "dev",
    "stability-flags": {
        "kevbaldwyn/php-error": 20
    }
}
